
Microsoft Visual Studio Solution File, Format Version 12.00
# Visual Studio 14
VisualStudioVersion = 14.0.25420.1
MinimumVisualStudioVersion = 10.0.40219.1
Project("{8BC9CEB8-8B4A-11D0-8D11-00A0C91BC942}") = "MinecraftWin32", "MinecraftWin32.vcxproj", "{61D12CAD-CC16-4024-9C45-DE97AB0465AF}"
EndProject
Global
	GlobalSection(SolutionConfigurationPlatforms) = preSolution
		Debug DEMO|Win32 = Debug DEMO|Win32
		Debug|Win32 = Debug|Win32
		Release|Win32 = Release|Win32
	EndGlobalSection
	GlobalSection(ProjectConfigurationPlatforms) = postSolution
		{61D12CAD-CC16-4024-9C45-DE97AB0465AF}.Debug DEMO|Win32.ActiveCfg = Debug DEMO|Win32
		{61D12CAD-CC16-4024-9C45-DE97AB0465AF}.Debug DEMO|Win32.Build.0 = Debug DEMO|Win32
		{61D12CAD-CC16-4024-9C45-DE97AB0465AF}.Debug|Win32.ActiveCfg = Debug|Win32
		{61D12CAD-CC16-4024-9C45-DE97AB0465AF}.Debug|Win32.Build.0 = Debug|Win32
		{61D12CAD-CC16-4024-9C45-DE97AB0465AF}.Release|Win32.ActiveCfg = Release|Win32
		{61D12CAD-CC16-4024-9C45-DE97AB0465AF}.Release|Win32.Build.0 = Release|Win32
	EndGlobalSection
	GlobalSection(SolutionProperties) = preSolution
		HideSolutionNode = FALSE
	EndGlobalSection
EndGlobal
